
Microsoft Visual Studio Solution File, Format Version 12.00
# Visual Studio Version 17
VisualStudioVersion = 17.14.36127.28 d17.14
MinimumVisualStudioVersion = 10.0.40219.1
Project("{FAE04EC0-301F-11D3-BF4B-00C04F79EFBC}") = "TaskManager", "TaskManager\TaskManager.csproj", "{530311E3-9E2D-4C81-9315-FB1FD761D41E}"
EndProject
Global
	GlobalSection(SolutionConfigurationPlatforms) = preSolution
		Debug|Any CPU = Debug|Any CPU
		Release|Any CPU = Release|Any CPU
	EndGlobalSection
	GlobalSection(ProjectConfigurationPlatforms) = postSolution
		{530311E3-9E2D-4C81-9315-FB1FD761D41E}.Debug|Any CPU.ActiveCfg = Debug|Any CPU
		{530311E3-9E2D-4C81-9315-FB1FD761D41E}.Debug|Any CPU.Build.0 = Debug|Any CPU
		{530311E3-9E2D-4C81-9315-FB1FD761D41E}.Release|Any CPU.ActiveCfg = Release|Any CPU
		{530311E3-9E2D-4C81-9315-FB1FD761D41E}.Release|Any CPU.Build.0 = Release|Any CPU
	EndGlobalSection
	GlobalSection(SolutionProperties) = preSolution
		HideSolutionNode = FALSE
	EndGlobalSection
	GlobalSection(ExtensibilityGlobals) = postSolution
		SolutionGuid = {C4F4DD3C-8DEF-4084-B6CE-51D39635252B}
	EndGlobalSection
EndGlobal
