
Microsoft Visual Studio Solution File, Format Version 12.00
# Visual Studio Version 18
VisualStudioVersion = 18.3.11520.95
MinimumVisualStudioVersion = 10.0.40219.1
Project("{FAE04EC0-301F-11D3-BF4B-00C04F79EFBC}") = "TaskManager.TaskManagement", "TaskManager.TaskManagement\TaskManager.TaskManagement.csproj", "{1CEFB871-AA97-42FB-A767-DCA8ACB8F243}"
EndProject
Project("{FAE04EC0-301F-11D3-BF4B-00C04F79EFBC}") = "TaskManager.Shared", "TaskManager.Shared\TaskManager.Shared.csproj", "{37CDF320-05C8-4F5A-9B35-438C16437813}"
EndProject
Project("{FAE04EC0-301F-11D3-BF4B-00C04F79EFBC}") = "TaskManager.Repository", "TaskManager.Repository\TaskManager.Repository.csproj", "{B15F2356-F5EA-4701-A6C2-EA78F8AFB76A}"
EndProject
Project("{FAE04EC0-301F-11D3-BF4B-00C04F79EFBC}") = "TaskManager.ApiGateway", "TaskManager.ApiGateway\TaskManager.ApiGateway.csproj", "{D3773FEC-C36F-41A7-8C3F-5628D1D372D2}"
EndProject
Project("{FAE04EC0-301F-11D3-BF4B-00C04F79EFBC}") = "TaskManager.Auth", "TaskManager.Auth\TaskManager.Auth.csproj", "{5509C695-3B5E-49FB-9C05-CFA19ADC8556}"
EndProject
Project("{FAE04EC0-301F-11D3-BF4B-00C04F79EFBC}") = "TaskManager.RulesEngine", "TaskManager.RulesEngine\TaskManager.RulesEngine.csproj", "{3AB47DD0-D7A5-417A-9955-0F2CE0366250}"
EndProject
Project("{FAE04EC0-301F-11D3-BF4B-00C04F79EFBC}") = "TaskManager.Notifications", "TaskManager.Notifications\TaskManager.Notifications.csproj", "{780F8C77-562A-4049-8E6E-870CB7539B86}"
EndProject
Project("{FAE04EC0-301F-11D3-BF4B-00C04F79EFBC}") = "TaskManager.Calendar", "TaskManager.Calendar\TaskManager.Calendar.csproj", "{1C9C1E20-C922-4215-AF05-84686C11CE13}"
EndProject
Project("{FAE04EC0-301F-11D3-BF4B-00C04F79EFBC}") = "TaskManager.UnitTests", "TaskManager.UnitTests\TaskManager.UnitTests.csproj", "{496C97E3-30FD-48AE-9E74-CC0C0A228BE9}"
EndProject
Project("{FAE04EC0-301F-11D3-BF4B-00C04F79EFBC}") = "TaskManager.IntegrationTests", "TaskManager.IntegrationTests\TaskManager.IntegrationTests.csproj", "{944FFE42-BE20-437D-9918-D7E1C2B57959}"
EndProject
Global
	GlobalSection(SolutionConfigurationPlatforms) = preSolution
		Debug|Any CPU = Debug|Any CPU
		Release|Any CPU = Release|Any CPU
	EndGlobalSection
	GlobalSection(ProjectConfigurationPlatforms) = postSolution
		{1CEFB871-AA97-42FB-A767-DCA8ACB8F243}.Debug|Any CPU.ActiveCfg = Debug|Any CPU
		{1CEFB871-AA97-42FB-A767-DCA8ACB8F243}.Debug|Any CPU.Build.0 = Debug|Any CPU
		{1CEFB871-AA97-42FB-A767-DCA8ACB8F243}.Release|Any CPU.ActiveCfg = Release|Any CPU
		{1CEFB871-AA97-42FB-A767-DCA8ACB8F243}.Release|Any CPU.Build.0 = Release|Any CPU
		{37CDF320-05C8-4F5A-9B35-438C16437813}.Debug|Any CPU.ActiveCfg = Debug|Any CPU
		{37CDF320-05C8-4F5A-9B35-438C16437813}.Debug|Any CPU.Build.0 = Debug|Any CPU
		{37CDF320-05C8-4F5A-9B35-438C16437813}.Release|Any CPU.ActiveCfg = Release|Any CPU
		{37CDF320-05C8-4F5A-9B35-438C16437813}.Release|Any CPU.Build.0 = Release|Any CPU
		{B15F2356-F5EA-4701-A6C2-EA78F8AFB76A}.Debug|Any CPU.ActiveCfg = Debug|Any CPU
		{B15F2356-F5EA-4701-A6C2-EA78F8AFB76A}.Debug|Any CPU.Build.0 = Debug|Any CPU
		{B15F2356-F5EA-4701-A6C2-EA78F8AFB76A}.Release|Any CPU.ActiveCfg = Release|Any CPU
		{B15F2356-F5EA-4701-A6C2-EA78F8AFB76A}.Release|Any CPU.Build.0 = Release|Any CPU
		{D3773FEC-C36F-41A7-8C3F-5628D1D372D2}.Debug|Any CPU.ActiveCfg = Debug|Any CPU
		{D3773FEC-C36F-41A7-8C3F-5628D1D372D2}.Debug|Any CPU.Build.0 = Debug|Any CPU
		{D3773FEC-C36F-41A7-8C3F-5628D1D372D2}.Release|Any CPU.ActiveCfg = Release|Any CPU
		{D3773FEC-C36F-41A7-8C3F-5628D1D372D2}.Release|Any CPU.Build.0 = Release|Any CPU
		{5509C695-3B5E-49FB-9C05-CFA19ADC8556}.Debug|Any CPU.ActiveCfg = Debug|Any CPU
		{5509C695-3B5E-49FB-9C05-CFA19ADC8556}.Debug|Any CPU.Build.0 = Debug|Any CPU
		{5509C695-3B5E-49FB-9C05-CFA19ADC8556}.Release|Any CPU.ActiveCfg = Release|Any CPU
		{5509C695-3B5E-49FB-9C05-CFA19ADC8556}.Release|Any CPU.Build.0 = Release|Any CPU
		{3AB47DD0-D7A5-417A-9955-0F2CE0366250}.Debug|Any CPU.ActiveCfg = Debug|Any CPU
		{3AB47DD0-D7A5-417A-9955-0F2CE0366250}.Debug|Any CPU.Build.0 = Debug|Any CPU
		{3AB47DD0-D7A5-417A-9955-0F2CE0366250}.Release|Any CPU.ActiveCfg = Release|Any CPU
		{3AB47DD0-D7A5-417A-9955-0F2CE0366250}.Release|Any CPU.Build.0 = Release|Any CPU
		{780F8C77-562A-4049-8E6E-870CB7539B86}.Debug|Any CPU.ActiveCfg = Debug|Any CPU
		{780F8C77-562A-4049-8E6E-870CB7539B86}.Debug|Any CPU.Build.0 = Debug|Any CPU
		{780F8C77-562A-4049-8E6E-870CB7539B86}.Release|Any CPU.ActiveCfg = Release|Any CPU
		{780F8C77-562A-4049-8E6E-870CB7539B86}.Release|Any CPU.Build.0 = Release|Any CPU
		{1C9C1E20-C922-4215-AF05-84686C11CE13}.Debug|Any CPU.ActiveCfg = Debug|Any CPU
		{1C9C1E20-C922-4215-AF05-84686C11CE13}.Debug|Any CPU.Build.0 = Debug|Any CPU
		{1C9C1E20-C922-4215-AF05-84686C11CE13}.Release|Any CPU.ActiveCfg = Release|Any CPU
		{1C9C1E20-C922-4215-AF05-84686C11CE13}.Release|Any CPU.Build.0 = Release|Any CPU
		{496C97E3-30FD-48AE-9E74-CC0C0A228BE9}.Debug|Any CPU.ActiveCfg = Debug|Any CPU
		{496C97E3-30FD-48AE-9E74-CC0C0A228BE9}.Debug|Any CPU.Build.0 = Debug|Any CPU
		{496C97E3-30FD-48AE-9E74-CC0C0A228BE9}.Release|Any CPU.ActiveCfg = Release|Any CPU
		{496C97E3-30FD-48AE-9E74-CC0C0A228BE9}.Release|Any CPU.Build.0 = Release|Any CPU
		{944FFE42-BE20-437D-9918-D7E1C2B57959}.Debug|Any CPU.ActiveCfg = Debug|Any CPU
		{944FFE42-BE20-437D-9918-D7E1C2B57959}.Debug|Any CPU.Build.0 = Debug|Any CPU
		{944FFE42-BE20-437D-9918-D7E1C2B57959}.Release|Any CPU.ActiveCfg = Release|Any CPU
		{944FFE42-BE20-437D-9918-D7E1C2B57959}.Release|Any CPU.Build.0 = Release|Any CPU
	EndGlobalSection
	GlobalSection(SolutionProperties) = preSolution
		HideSolutionNode = FALSE
	EndGlobalSection
	GlobalSection(ExtensibilityGlobals) = postSolution
		SolutionGuid = {C4F4DD3C-8DEF-4084-B6CE-51D39635252B}
	EndGlobalSection
EndGlobal
